// !$*UTF8*$!
{
	archiveVersion = 1;
	classes = {
	};
	objectVersion = 56;
	objects = {

/* Begin PBXBuildFile section */
		E03E93DF2B7808C700FF01D0 /* HyTrackerApp.swift in Sources */ = {isa = PBXBuildFile; fileRef = E03E93DE2B7808C700FF01D0 /* HyTrackerApp.swift */; };
		E03E93E12B7808C700FF01D0 /* ContentView.swift in Sources */ = {isa = PBXBuildFile; fileRef = E03E93E02B7808C700FF01D0 /* ContentView.swift */; };
		E03E93E32B7808C800FF01D0 /* Assets.xcassets in Resources */ = {isa = PBXBuildFile; fileRef = E03E93E22B7808C800FF01D0 /* Assets.xcassets */; };
		E03E93E62B7808C800FF01D0 /* Preview Assets.xcassets in Resources */ = {isa = PBXBuildFile; fileRef = E03E93E52B7808C800FF01D0 /* Preview Assets.xcassets */; };
		E03E93F72B78105900FF01D0 /* WelcomeView.swift in Sources */ = {isa = PBXBuildFile; fileRef = E03E93F62B78105900FF01D0 /* WelcomeView.swift */; };
		E03E93FA2B78220400FF01D0 /* HyTrackerGradient.swift in Sources */ = {isa = PBXBuildFile; fileRef = E03E93F92B78220400FF01D0 /* HyTrackerGradient.swift */; };
		E03E93FE2B782D4300FF01D0 /* LoginView.swift in Sources */ = {isa = PBXBuildFile; fileRef = E03E93FD2B782D4300FF01D0 /* LoginView.swift */; };
		E03E94002B78457A00FF01D0 /* SignupView.swift in Sources */ = {isa = PBXBuildFile; fileRef = E03E93FF2B78457A00FF01D0 /* SignupView.swift */; };
		E03E94032B7856FE00FF01D0 /* AuthenticationTFComponent.swift in Sources */ = {isa = PBXBuildFile; fileRef = E03E94022B7856FE00FF01D0 /* AuthenticationTFComponent.swift */; };
		E03E94052B79032100FF01D0 /* OnboardingView.swift in Sources */ = {isa = PBXBuildFile; fileRef = E03E94042B79032100FF01D0 /* OnboardingView.swift */; };
		E03E940A2B79176B00FF01D0 /* Weekday.swift in Sources */ = {isa = PBXBuildFile; fileRef = E03E94092B79176B00FF01D0 /* Weekday.swift */; };
		E03E940D2B79240200FF01D0 /* InputComponentView.swift in Sources */ = {isa = PBXBuildFile; fileRef = E03E940C2B79240200FF01D0 /* InputComponentView.swift */; };
		E03E94102B7925F500FF01D0 /* Date+HyTracker.swift in Sources */ = {isa = PBXBuildFile; fileRef = E03E940F2B7925F500FF01D0 /* Date+HyTracker.swift */; };
		E03E94122B792E7800FF01D0 /* InputComponent.swift in Sources */ = {isa = PBXBuildFile; fileRef = E03E94112B792E7800FF01D0 /* InputComponent.swift */; };
		E03E94142B79564A00FF01D0 /* StartDateSelectorSheet.swift in Sources */ = {isa = PBXBuildFile; fileRef = E03E94132B79564A00FF01D0 /* StartDateSelectorSheet.swift */; };
		E03E94172B797A0200FF01D0 /* EligibleWorkdaySheet.swift in Sources */ = {isa = PBXBuildFile; fileRef = E03E94162B797A0200FF01D0 /* EligibleWorkdaySheet.swift */; };
		E03E94192B797A4500FF01D0 /* WeeklyRequirementsSheet.swift in Sources */ = {isa = PBXBuildFile; fileRef = E03E94182B797A4500FF01D0 /* WeeklyRequirementsSheet.swift */; };
		E03E941B2B797CED00FF01D0 /* SheetDoneLabel.swift in Sources */ = {isa = PBXBuildFile; fileRef = E03E941A2B797CED00FF01D0 /* SheetDoneLabel.swift */; };
		E03E941D2B814FB000FF01D0 /* OnboardingViewModel.swift in Sources */ = {isa = PBXBuildFile; fileRef = E03E941C2B814FB000FF01D0 /* OnboardingViewModel.swift */; };
		E03E94202B81744F00FF01D0 /* HTLogoView.swift in Sources */ = {isa = PBXBuildFile; fileRef = E03E941F2B81744F00FF01D0 /* HTLogoView.swift */; };
		E03E94262B8177CB00FF01D0 /* WelcomeDismissModifier.swift in Sources */ = {isa = PBXBuildFile; fileRef = E03E94252B8177CB00FF01D0 /* WelcomeDismissModifier.swift */; };
		E03E94282B81791E00FF01D0 /* HTPrimaryButton.swift in Sources */ = {isa = PBXBuildFile; fileRef = E03E94272B81791E00FF01D0 /* HTPrimaryButton.swift */; };
		E03E942A2B81812C00FF01D0 /* LoginViewModel.swift in Sources */ = {isa = PBXBuildFile; fileRef = E03E94292B81812C00FF01D0 /* LoginViewModel.swift */; };
		E03E942C2B81813F00FF01D0 /* SignupViewModel.swift in Sources */ = {isa = PBXBuildFile; fileRef = E03E942B2B81813F00FF01D0 /* SignupViewModel.swift */; };
		E03E94692B82589000FF01D0 /* AuthService.swift in Sources */ = {isa = PBXBuildFile; fileRef = E03E94682B82589000FF01D0 /* AuthService.swift */; };
		E03E946E2B82642A00FF01D0 /* ContentViewModel.swift in Sources */ = {isa = PBXBuildFile; fileRef = E03E946D2B82642A00FF01D0 /* ContentViewModel.swift */; };
		E03E94702B826A4500FF01D0 /* User.swift in Sources */ = {isa = PBXBuildFile; fileRef = E03E946F2B826A4500FF01D0 /* User.swift */; };
		E03E94722B86400900FF01D0 /* UserService.swift in Sources */ = {isa = PBXBuildFile; fileRef = E03E94712B86400900FF01D0 /* UserService.swift */; };
		E062F2532B9CEA4F00885AF3 /* GenerateReportViewModel.swift in Sources */ = {isa = PBXBuildFile; fileRef = E062F2522B9CEA4F00885AF3 /* GenerateReportViewModel.swift */; };
		E062F2572B9D0CE100885AF3 /* TrackDaysViewModel.swift in Sources */ = {isa = PBXBuildFile; fileRef = E062F2562B9D0CE100885AF3 /* TrackDaysViewModel.swift */; };
		E062F2592B9D32DC00885AF3 /* GoogleService-Info.plist in Resources */ = {isa = PBXBuildFile; fileRef = E062F2582B9D32DC00885AF3 /* GoogleService-Info.plist */; };
		E062F25C2B9D333700885AF3 /* FirebaseAnalytics in Frameworks */ = {isa = PBXBuildFile; productRef = E062F25B2B9D333700885AF3 /* FirebaseAnalytics */; };
		E062F25E2B9D333700885AF3 /* FirebaseAnalyticsOnDeviceConversion in Frameworks */ = {isa = PBXBuildFile; productRef = E062F25D2B9D333700885AF3 /* FirebaseAnalyticsOnDeviceConversion */; };
		E062F2602B9D333700885AF3 /* FirebaseAnalyticsSwift in Frameworks */ = {isa = PBXBuildFile; productRef = E062F25F2B9D333700885AF3 /* FirebaseAnalyticsSwift */; };
		E062F2622B9D333700885AF3 /* FirebaseAnalyticsWithoutAdIdSupport in Frameworks */ = {isa = PBXBuildFile; productRef = E062F2612B9D333700885AF3 /* FirebaseAnalyticsWithoutAdIdSupport */; };
		E062F2642B9D333700885AF3 /* FirebaseAppCheck in Frameworks */ = {isa = PBXBuildFile; productRef = E062F2632B9D333700885AF3 /* FirebaseAppCheck */; };
		E07E96452B94BAB000A6CE90 /* BulkUpdatesView.swift in Sources */ = {isa = PBXBuildFile; fileRef = E07E96442B94BAB000A6CE90 /* BulkUpdatesView.swift */; };
		E0C21CA12B87C2C6007E542E /* MainTabView.swift in Sources */ = {isa = PBXBuildFile; fileRef = E0C21CA02B87C2C6007E542E /* MainTabView.swift */; };
		E0C21CA42B87C312007E542E /* TrackDaysView.swift in Sources */ = {isa = PBXBuildFile; fileRef = E0C21CA32B87C312007E542E /* TrackDaysView.swift */; };
		E0C21CA62B87C31C007E542E /* GenerateReportView.swift in Sources */ = {isa = PBXBuildFile; fileRef = E0C21CA52B87C31C007E542E /* GenerateReportView.swift */; };
		E0C21CA82B87C32C007E542E /* ProfileView.swift in Sources */ = {isa = PBXBuildFile; fileRef = E0C21CA72B87C32C007E542E /* ProfileView.swift */; };
		E0C21CB32B87C411007E542E /* User+MockData.swift in Sources */ = {isa = PBXBuildFile; fileRef = E0C21CB22B87C411007E542E /* User+MockData.swift */; };
		E0C21CB72B87DE19007E542E /* Color+HyTracker.swift in Sources */ = {isa = PBXBuildFile; fileRef = E0C21CB62B87DE19007E542E /* Color+HyTracker.swift */; };
		E0C21CB92B8910BB007E542E /* Set+HyTracker.swift in Sources */ = {isa = PBXBuildFile; fileRef = E0C21CB82B8910BB007E542E /* Set+HyTracker.swift */; };
		E0C21CBD2B894398007E542E /* RequirementStack.swift in Sources */ = {isa = PBXBuildFile; fileRef = E0C21CBC2B894398007E542E /* RequirementStack.swift */; };
		E0C21CC12B8C202D007E542E /* ReportView.swift in Sources */ = {isa = PBXBuildFile; fileRef = E0C21CC02B8C202D007E542E /* ReportView.swift */; };
		E0DAE57E2B9D37C100424E3E /* FirebaseAnalytics in Frameworks */ = {isa = PBXBuildFile; productRef = E0DAE57D2B9D37C100424E3E /* FirebaseAnalytics */; };
		E0DAE5802B9D37C100424E3E /* FirebaseAnalyticsOnDeviceConversion in Frameworks */ = {isa = PBXBuildFile; productRef = E0DAE57F2B9D37C100424E3E /* FirebaseAnalyticsOnDeviceConversion */; };
		E0DAE5822B9D37C100424E3E /* FirebaseAnalyticsSwift in Frameworks */ = {isa = PBXBuildFile; productRef = E0DAE5812B9D37C100424E3E /* FirebaseAnalyticsSwift */; };
		E0DAE5842B9D37C100424E3E /* FirebaseAnalyticsWithoutAdIdSupport in Frameworks */ = {isa = PBXBuildFile; productRef = E0DAE5832B9D37C100424E3E /* FirebaseAnalyticsWithoutAdIdSupport */; };
		E0DAE5862B9D37C100424E3E /* FirebaseAppCheck in Frameworks */ = {isa = PBXBuildFile; productRef = E0DAE5852B9D37C100424E3E /* FirebaseAppCheck */; };
		E0DAE5882B9D37C100424E3E /* FirebaseAppDistribution-Beta in Frameworks */ = {isa = PBXBuildFile; productRef = E0DAE5872B9D37C100424E3E /* FirebaseAppDistribution-Beta */; };
		E0DAE58A2B9D37C100424E3E /* FirebaseAuth in Frameworks */ = {isa = PBXBuildFile; productRef = E0DAE5892B9D37C100424E3E /* FirebaseAuth */; };
		E0DAE58C2B9D37C100424E3E /* FirebaseAuthCombine-Community in Frameworks */ = {isa = PBXBuildFile; productRef = E0DAE58B2B9D37C100424E3E /* FirebaseAuthCombine-Community */; };
		E0DAE58E2B9D37C100424E3E /* FirebaseCrashlytics in Frameworks */ = {isa = PBXBuildFile; productRef = E0DAE58D2B9D37C100424E3E /* FirebaseCrashlytics */; };
		E0DAE5902B9D37C100424E3E /* FirebaseDatabase in Frameworks */ = {isa = PBXBuildFile; productRef = E0DAE58F2B9D37C100424E3E /* FirebaseDatabase */; };
		E0DAE5922B9D37C100424E3E /* FirebaseDatabaseSwift in Frameworks */ = {isa = PBXBuildFile; productRef = E0DAE5912B9D37C100424E3E /* FirebaseDatabaseSwift */; };
		E0DAE5942B9D37C100424E3E /* FirebaseDynamicLinks in Frameworks */ = {isa = PBXBuildFile; productRef = E0DAE5932B9D37C100424E3E /* FirebaseDynamicLinks */; };
		E0DAE5962B9D37C100424E3E /* FirebaseFirestore in Frameworks */ = {isa = PBXBuildFile; productRef = E0DAE5952B9D37C100424E3E /* FirebaseFirestore */; };
		E0DAE5982B9D37C100424E3E /* FirebaseFirestoreCombine-Community in Frameworks */ = {isa = PBXBuildFile; productRef = E0DAE5972B9D37C100424E3E /* FirebaseFirestoreCombine-Community */; };
		E0DAE59A2B9D37C100424E3E /* FirebaseFirestoreSwift in Frameworks */ = {isa = PBXBuildFile; productRef = E0DAE5992B9D37C100424E3E /* FirebaseFirestoreSwift */; };
		E0DAE59C2B9D37C100424E3E /* FirebaseFunctions in Frameworks */ = {isa = PBXBuildFile; productRef = E0DAE59B2B9D37C100424E3E /* FirebaseFunctions */; };
		E0DAE59E2B9D37C100424E3E /* FirebaseFunctionsCombine-Community in Frameworks */ = {isa = PBXBuildFile; productRef = E0DAE59D2B9D37C100424E3E /* FirebaseFunctionsCombine-Community */; };
		E0DAE5A02B9D37C100424E3E /* FirebaseInAppMessaging-Beta in Frameworks */ = {isa = PBXBuildFile; productRef = E0DAE59F2B9D37C100424E3E /* FirebaseInAppMessaging-Beta */; };
		E0DAE5A22B9D37C100424E3E /* FirebaseInAppMessagingSwift-Beta in Frameworks */ = {isa = PBXBuildFile; productRef = E0DAE5A12B9D37C100424E3E /* FirebaseInAppMessagingSwift-Beta */; };
		E0DAE5A42B9D37C100424E3E /* FirebaseInstallations in Frameworks */ = {isa = PBXBuildFile; productRef = E0DAE5A32B9D37C100424E3E /* FirebaseInstallations */; };
		E0DAE5A62B9D37C100424E3E /* FirebaseMLModelDownloader in Frameworks */ = {isa = PBXBuildFile; productRef = E0DAE5A52B9D37C100424E3E /* FirebaseMLModelDownloader */; };
		E0DAE5A82B9D37C100424E3E /* FirebaseMessaging in Frameworks */ = {isa = PBXBuildFile; productRef = E0DAE5A72B9D37C100424E3E /* FirebaseMessaging */; };
		E0DAE5AA2B9D37C100424E3E /* FirebasePerformance in Frameworks */ = {isa = PBXBuildFile; productRef = E0DAE5A92B9D37C100424E3E /* FirebasePerformance */; };
		E0DAE5AC2B9D37C100424E3E /* FirebaseRemoteConfig in Frameworks */ = {isa = PBXBuildFile; productRef = E0DAE5AB2B9D37C100424E3E /* FirebaseRemoteConfig */; };
		E0DAE5AE2B9D37C100424E3E /* FirebaseRemoteConfigSwift in Frameworks */ = {isa = PBXBuildFile; productRef = E0DAE5AD2B9D37C100424E3E /* FirebaseRemoteConfigSwift */; };
		E0DAE5B02B9D37C100424E3E /* FirebaseStorage in Frameworks */ = {isa = PBXBuildFile; productRef = E0DAE5AF2B9D37C100424E3E /* FirebaseStorage */; };
		E0DAE5B22B9D37C100424E3E /* FirebaseStorageCombine-Community in Frameworks */ = {isa = PBXBuildFile; productRef = E0DAE5B12B9D37C100424E3E /* FirebaseStorageCombine-Community */; };
		E0DCB40E2B97DA6900E0DC5D /* SimpleDate.swift in Sources */ = {isa = PBXBuildFile; fileRef = E0DCB40D2B97DA6900E0DC5D /* SimpleDate.swift */; };
		E0EEF3BE2B9E451000F2CE49 /* Report.swift in Sources */ = {isa = PBXBuildFile; fileRef = E0EEF3BD2B9E451000F2CE49 /* Report.swift */; };
		E0EEF3C32B9E897700F2CE49 /* TrackUpdateType.swift in Sources */ = {isa = PBXBuildFile; fileRef = E0EEF3C22B9E897700F2CE49 /* TrackUpdateType.swift */; };
		E0EEF3C52B9FBB7600F2CE49 /* TrackAlert.swift in Sources */ = {isa = PBXBuildFile; fileRef = E0EEF3C42B9FBB7600F2CE49 /* TrackAlert.swift */; };
		E0EEF3C72BA77AE900F2CE49 /* AuthServiceError.swift in Sources */ = {isa = PBXBuildFile; fileRef = E0EEF3C62BA77AE900F2CE49 /* AuthServiceError.swift */; };
		E0EEF3CA2BA7A14800F2CE49 /* ForgotPasswordSheet.swift in Sources */ = {isa = PBXBuildFile; fileRef = E0EEF3C92BA7A14800F2CE49 /* ForgotPasswordSheet.swift */; };
/* End PBXBuildFile section */

/* Begin PBXFileReference section */
		E03E93DB2B7808C700FF01D0 /* HyTracker.app */ = {isa = PBXFileReference; explicitFileType = wrapper.application; includeInIndex = 0; path = HyTracker.app; sourceTree = BUILT_PRODUCTS_DIR; };
		E03E93DE2B7808C700FF01D0 /* HyTrackerApp.swift */ = {isa = PBXFileReference; lastKnownFileType = sourcecode.swift; path = HyTrackerApp.swift; sourceTree = "<group>"; };
		E03E93E02B7808C700FF01D0 /* ContentView.swift */ = {isa = PBXFileReference; lastKnownFileType = sourcecode.swift; path = ContentView.swift; sourceTree = "<group>"; };
		E03E93E22B7808C800FF01D0 /* Assets.xcassets */ = {isa = PBXFileReference; lastKnownFileType = folder.assetcatalog; path = Assets.xcassets; sourceTree = "<group>"; };
		E03E93E52B7808C800FF01D0 /* Preview Assets.xcassets */ = {isa = PBXFileReference; lastKnownFileType = folder.assetcatalog; path = "Preview Assets.xcassets"; sourceTree = "<group>"; };
		E03E93F62B78105900FF01D0 /* WelcomeView.swift */ = {isa = PBXFileReference; lastKnownFileType = sourcecode.swift; path = WelcomeView.swift; sourceTree = "<group>"; };
		E03E93F92B78220400FF01D0 /* HyTrackerGradient.swift */ = {isa = PBXFileReference; lastKnownFileType = sourcecode.swift; path = HyTrackerGradient.swift; sourceTree = "<group>"; };
		E03E93FD2B782D4300FF01D0 /* LoginView.swift */ = {isa = PBXFileReference; lastKnownFileType = sourcecode.swift; path = LoginView.swift; sourceTree = "<group>"; };
		E03E93FF2B78457A00FF01D0 /* SignupView.swift */ = {isa = PBXFileReference; lastKnownFileType = sourcecode.swift; path = SignupView.swift; sourceTree = "<group>"; };
		E03E94022B7856FE00FF01D0 /* AuthenticationTFComponent.swift */ = {isa = PBXFileReference; lastKnownFileType = sourcecode.swift; path = AuthenticationTFComponent.swift; sourceTree = "<group>"; };
		E03E94042B79032100FF01D0 /* OnboardingView.swift */ = {isa = PBXFileReference; lastKnownFileType = sourcecode.swift; path = OnboardingView.swift; sourceTree = "<group>"; };
		E03E94092B79176B00FF01D0 /* Weekday.swift */ = {isa = PBXFileReference; lastKnownFileType = sourcecode.swift; path = Weekday.swift; sourceTree = "<group>"; };
		E03E940C2B79240200FF01D0 /* InputComponentView.swift */ = {isa = PBXFileReference; lastKnownFileType = sourcecode.swift; path = InputComponentView.swift; sourceTree = "<group>"; };
		E03E940F2B7925F500FF01D0 /* Date+HyTracker.swift */ = {isa = PBXFileReference; lastKnownFileType = sourcecode.swift; path = "Date+HyTracker.swift"; sourceTree = "<group>"; };
		E03E94112B792E7800FF01D0 /* InputComponent.swift */ = {isa = PBXFileReference; lastKnownFileType = sourcecode.swift; path = InputComponent.swift; sourceTree = "<group>"; };
		E03E94132B79564A00FF01D0 /* StartDateSelectorSheet.swift */ = {isa = PBXFileReference; lastKnownFileType = sourcecode.swift; path = StartDateSelectorSheet.swift; sourceTree = "<group>"; };
		E03E94162B797A0200FF01D0 /* EligibleWorkdaySheet.swift */ = {isa = PBXFileReference; lastKnownFileType = sourcecode.swift; path = EligibleWorkdaySheet.swift; sourceTree = "<group>"; };
		E03E94182B797A4500FF01D0 /* WeeklyRequirementsSheet.swift */ = {isa = PBXFileReference; lastKnownFileType = sourcecode.swift; path = WeeklyRequirementsSheet.swift; sourceTree = "<group>"; };
		E03E941A2B797CED00FF01D0 /* SheetDoneLabel.swift */ = {isa = PBXFileReference; lastKnownFileType = sourcecode.swift; path = SheetDoneLabel.swift; sourceTree = "<group>"; };
		E03E941C2B814FB000FF01D0 /* OnboardingViewModel.swift */ = {isa = PBXFileReference; lastKnownFileType = sourcecode.swift; path = OnboardingViewModel.swift; sourceTree = "<group>"; };
		E03E941F2B81744F00FF01D0 /* HTLogoView.swift */ = {isa = PBXFileReference; lastKnownFileType = sourcecode.swift; path = HTLogoView.swift; sourceTree = "<group>"; };
		E03E94252B8177CB00FF01D0 /* WelcomeDismissModifier.swift */ = {isa = PBXFileReference; lastKnownFileType = sourcecode.swift; path = WelcomeDismissModifier.swift; sourceTree = "<group>"; };
		E03E94272B81791E00FF01D0 /* HTPrimaryButton.swift */ = {isa = PBXFileReference; lastKnownFileType = sourcecode.swift; path = HTPrimaryButton.swift; sourceTree = "<group>"; };
		E03E94292B81812C00FF01D0 /* LoginViewModel.swift */ = {isa = PBXFileReference; lastKnownFileType = sourcecode.swift; path = LoginViewModel.swift; sourceTree = "<group>"; };
		E03E942B2B81813F00FF01D0 /* SignupViewModel.swift */ = {isa = PBXFileReference; lastKnownFileType = sourcecode.swift; path = SignupViewModel.swift; sourceTree = "<group>"; };
		E03E94682B82589000FF01D0 /* AuthService.swift */ = {isa = PBXFileReference; lastKnownFileType = sourcecode.swift; path = AuthService.swift; sourceTree = "<group>"; };
		E03E946D2B82642A00FF01D0 /* ContentViewModel.swift */ = {isa = PBXFileReference; lastKnownFileType = sourcecode.swift; path = ContentViewModel.swift; sourceTree = "<group>"; };
		E03E946F2B826A4500FF01D0 /* User.swift */ = {isa = PBXFileReference; lastKnownFileType = sourcecode.swift; path = User.swift; sourceTree = "<group>"; };
		E03E94712B86400900FF01D0 /* UserService.swift */ = {isa = PBXFileReference; lastKnownFileType = sourcecode.swift; path = UserService.swift; sourceTree = "<group>"; };
		E062F2522B9CEA4F00885AF3 /* GenerateReportViewModel.swift */ = {isa = PBXFileReference; lastKnownFileType = sourcecode.swift; path = GenerateReportViewModel.swift; sourceTree = "<group>"; };
		E062F2562B9D0CE100885AF3 /* TrackDaysViewModel.swift */ = {isa = PBXFileReference; lastKnownFileType = sourcecode.swift; path = TrackDaysViewModel.swift; sourceTree = "<group>"; };
		E062F2582B9D32DC00885AF3 /* GoogleService-Info.plist */ = {isa = PBXFileReference; fileEncoding = 4; lastKnownFileType = text.plist.xml; path = "GoogleService-Info.plist"; sourceTree = "<group>"; };
		E07E96442B94BAB000A6CE90 /* BulkUpdatesView.swift */ = {isa = PBXFileReference; lastKnownFileType = sourcecode.swift; path = BulkUpdatesView.swift; sourceTree = "<group>"; };
		E0C21CA02B87C2C6007E542E /* MainTabView.swift */ = {isa = PBXFileReference; lastKnownFileType = sourcecode.swift; path = MainTabView.swift; sourceTree = "<group>"; };
		E0C21CA32B87C312007E542E /* TrackDaysView.swift */ = {isa = PBXFileReference; lastKnownFileType = sourcecode.swift; path = TrackDaysView.swift; sourceTree = "<group>"; };
		E0C21CA52B87C31C007E542E /* GenerateReportView.swift */ = {isa = PBXFileReference; lastKnownFileType = sourcecode.swift; path = GenerateReportView.swift; sourceTree = "<group>"; };
		E0C21CA72B87C32C007E542E /* ProfileView.swift */ = {isa = PBXFileReference; lastKnownFileType = sourcecode.swift; path = ProfileView.swift; sourceTree = "<group>"; };
		E0C21CB22B87C411007E542E /* User+MockData.swift */ = {isa = PBXFileReference; lastKnownFileType = sourcecode.swift; path = "User+MockData.swift"; sourceTree = "<group>"; };
		E0C21CB62B87DE19007E542E /* Color+HyTracker.swift */ = {isa = PBXFileReference; lastKnownFileType = sourcecode.swift; path = "Color+HyTracker.swift"; sourceTree = "<group>"; };
		E0C21CB82B8910BB007E542E /* Set+HyTracker.swift */ = {isa = PBXFileReference; lastKnownFileType = sourcecode.swift; path = "Set+HyTracker.swift"; sourceTree = "<group>"; };
		E0C21CBC2B894398007E542E /* RequirementStack.swift */ = {isa = PBXFileReference; lastKnownFileType = sourcecode.swift; path = RequirementStack.swift; sourceTree = "<group>"; };
		E0C21CC02B8C202D007E542E /* ReportView.swift */ = {isa = PBXFileReference; lastKnownFileType = sourcecode.swift; path = ReportView.swift; sourceTree = "<group>"; };
		E0DCB40D2B97DA6900E0DC5D /* SimpleDate.swift */ = {isa = PBXFileReference; lastKnownFileType = sourcecode.swift; path = SimpleDate.swift; sourceTree = "<group>"; };
		E0EEF3BD2B9E451000F2CE49 /* Report.swift */ = {isa = PBXFileReference; lastKnownFileType = sourcecode.swift; path = Report.swift; sourceTree = "<group>"; };
		E0EEF3C22B9E897700F2CE49 /* TrackUpdateType.swift */ = {isa = PBXFileReference; lastKnownFileType = sourcecode.swift; path = TrackUpdateType.swift; sourceTree = "<group>"; };
		E0EEF3C42B9FBB7600F2CE49 /* TrackAlert.swift */ = {isa = PBXFileReference; lastKnownFileType = sourcecode.swift; path = TrackAlert.swift; sourceTree = "<group>"; };
		E0EEF3C62BA77AE900F2CE49 /* AuthServiceError.swift */ = {isa = PBXFileReference; lastKnownFileType = sourcecode.swift; path = AuthServiceError.swift; sourceTree = "<group>"; };
		E0EEF3C92BA7A14800F2CE49 /* ForgotPasswordSheet.swift */ = {isa = PBXFileReference; lastKnownFileType = sourcecode.swift; path = ForgotPasswordSheet.swift; sourceTree = "<group>"; };
/* End PBXFileReference section */

/* Begin PBXFrameworksBuildPhase section */
		E03E93D82B7808C700FF01D0 /* Frameworks */ = {
			isa = PBXFrameworksBuildPhase;
			buildActionMask = 2147483647;
			files = (
				E0DAE5A82B9D37C100424E3E /* FirebaseMessaging in Frameworks */,
				E0DAE5982B9D37C100424E3E /* FirebaseFirestoreCombine-Community in Frameworks */,
				E0DAE5902B9D37C100424E3E /* FirebaseDatabase in Frameworks */,
				E062F2602B9D333700885AF3 /* FirebaseAnalyticsSwift in Frameworks */,
				E0DAE5B02B9D37C100424E3E /* FirebaseStorage in Frameworks */,
				E062F25C2B9D333700885AF3 /* FirebaseAnalytics in Frameworks */,
				E0DAE57E2B9D37C100424E3E /* FirebaseAnalytics in Frameworks */,
				E0DAE58E2B9D37C100424E3E /* FirebaseCrashlytics in Frameworks */,
				E0DAE5962B9D37C100424E3E /* FirebaseFirestore in Frameworks */,
				E0DAE5942B9D37C100424E3E /* FirebaseDynamicLinks in Frameworks */,
				E0DAE5B22B9D37C100424E3E /* FirebaseStorageCombine-Community in Frameworks */,
				E0DAE5802B9D37C100424E3E /* FirebaseAnalyticsOnDeviceConversion in Frameworks */,
				E0DAE59E2B9D37C100424E3E /* FirebaseFunctionsCombine-Community in Frameworks */,
				E0DAE5A22B9D37C100424E3E /* FirebaseInAppMessagingSwift-Beta in Frameworks */,
				E0DAE5A62B9D37C100424E3E /* FirebaseMLModelDownloader in Frameworks */,
				E0DAE5A02B9D37C100424E3E /* FirebaseInAppMessaging-Beta in Frameworks */,
				E0DAE5AA2B9D37C100424E3E /* FirebasePerformance in Frameworks */,
				E0DAE58C2B9D37C100424E3E /* FirebaseAuthCombine-Community in Frameworks */,
				E0DAE5822B9D37C100424E3E /* FirebaseAnalyticsSwift in Frameworks */,
				E0DAE5922B9D37C100424E3E /* FirebaseDatabaseSwift in Frameworks */,
				E062F25E2B9D333700885AF3 /* FirebaseAnalyticsOnDeviceConversion in Frameworks */,
				E0DAE5AC2B9D37C100424E3E /* FirebaseRemoteConfig in Frameworks */,
				E062F2642B9D333700885AF3 /* FirebaseAppCheck in Frameworks */,
				E0DAE58A2B9D37C100424E3E /* FirebaseAuth in Frameworks */,
				E0DAE59C2B9D37C100424E3E /* FirebaseFunctions in Frameworks */,
				E0DAE5A42B9D37C100424E3E /* FirebaseInstallations in Frameworks */,
				E0DAE59A2B9D37C100424E3E /* FirebaseFirestoreSwift in Frameworks */,
				E0DAE5842B9D37C100424E3E /* FirebaseAnalyticsWithoutAdIdSupport in Frameworks */,
				E0DAE5862B9D37C100424E3E /* FirebaseAppCheck in Frameworks */,
				E0DAE5AE2B9D37C100424E3E /* FirebaseRemoteConfigSwift in Frameworks */,
				E0DAE5882B9D37C100424E3E /* FirebaseAppDistribution-Beta in Frameworks */,
				E062F2622B9D333700885AF3 /* FirebaseAnalyticsWithoutAdIdSupport in Frameworks */,
			);
			runOnlyForDeploymentPostprocessing = 0;
		};
/* End PBXFrameworksBuildPhase section */

/* Begin PBXGroup section */
		E03E93D22B7808C700FF01D0 = {
			isa = PBXGroup;
			children = (
				E03E93DD2B7808C700FF01D0 /* HyTracker */,
				E03E93DC2B7808C700FF01D0 /* Products */,
			);
			sourceTree = "<group>";
		};
		E03E93DC2B7808C700FF01D0 /* Products */ = {
			isa = PBXGroup;
			children = (
				E03E93DB2B7808C700FF01D0 /* HyTracker.app */,
			);
			name = Products;
			sourceTree = "<group>";
		};
		E03E93DD2B7808C700FF01D0 /* HyTracker */ = {
			isa = PBXGroup;
			children = (
				E03E93EF2B7808E900FF01D0 /* App */,
				E03E93EE2B7808E800FF01D0 /* Core */,
				E03E941E2B81743600FF01D0 /* Components */,
				E03E940E2B7925CF00FF01D0 /* Extensions */,
				E03E93ED2B7808E600FF01D0 /* Models */,
				E03E93EC2B7808E200FF01D0 /* Services */,
				E03E93F82B78219300FF01D0 /* Utils */,
				E03E93E22B7808C800FF01D0 /* Assets.xcassets */,
				E062F2582B9D32DC00885AF3 /* GoogleService-Info.plist */,
				E03E93E42B7808C800FF01D0 /* Preview Content */,
			);
			path = HyTracker;
			sourceTree = "<group>";
		};
		E03E93E42B7808C800FF01D0 /* Preview Content */ = {
			isa = PBXGroup;
			children = (
				E03E93E52B7808C800FF01D0 /* Preview Assets.xcassets */,
			);
			path = "Preview Content";
			sourceTree = "<group>";
		};
		E03E93EC2B7808E200FF01D0 /* Services */ = {
			isa = PBXGroup;
			children = (
				E03E94682B82589000FF01D0 /* AuthService.swift */,
				E0EEF3C62BA77AE900F2CE49 /* AuthServiceError.swift */,
				E03E94712B86400900FF01D0 /* UserService.swift */,
			);
			path = Services;
			sourceTree = "<group>";
		};
		E03E93ED2B7808E600FF01D0 /* Models */ = {
			isa = PBXGroup;
			children = (
				E03E946F2B826A4500FF01D0 /* User.swift */,
				E0DCB40D2B97DA6900E0DC5D /* SimpleDate.swift */,
			);
			path = Models;
			sourceTree = "<group>";
		};
		E03E93EE2B7808E800FF01D0 /* Core */ = {
			isa = PBXGroup;
			children = (
				E03E93F02B78093A00FF01D0 /* Authentication */,
				E0C21CAA2B87C348007E542E /* GenerateReport */,
				E03E93F22B78094500FF01D0 /* Onboarding */,
				E0C21CAB2B87C34D007E542E /* Profile */,
				E03E93F32B78101200FF01D0 /* Root */,
				E03E93F12B78094200FF01D0 /* TabBar */,
				E0C21CA92B87C343007E542E /* TrackDays */,
			);
			path = Core;
			sourceTree = "<group>";
		};
		E03E93EF2B7808E900FF01D0 /* App */ = {
			isa = PBXGroup;
			children = (
				E03E93DE2B7808C700FF01D0 /* HyTrackerApp.swift */,
			);
			path = App;
			sourceTree = "<group>";
		};
		E03E93F02B78093A00FF01D0 /* Authentication */ = {
			isa = PBXGroup;
			children = (
				E03E93F42B78104100FF01D0 /* View */,
				E03E93F52B78104400FF01D0 /* ViewModel */,
			);
			path = Authentication;
			sourceTree = "<group>";
		};
		E03E93F12B78094200FF01D0 /* TabBar */ = {
			isa = PBXGroup;
			children = (
				E0C21CA02B87C2C6007E542E /* MainTabView.swift */,
			);
			path = TabBar;
			sourceTree = "<group>";
		};
		E03E93F22B78094500FF01D0 /* Onboarding */ = {
			isa = PBXGroup;
			children = (
				E03E94072B79174300FF01D0 /* Model */,
				E03E94062B79173F00FF01D0 /* View */,
				E03E94082B79174700FF01D0 /* ViewModel */,
			);
			path = Onboarding;
			sourceTree = "<group>";
		};
		E03E93F32B78101200FF01D0 /* Root */ = {
			isa = PBXGroup;
			children = (
				E03E946A2B8263A300FF01D0 /* View */,
				E03E946B2B8263A600FF01D0 /* ViewModel */,
			);
			path = Root;
			sourceTree = "<group>";
		};
		E03E93F42B78104100FF01D0 /* View */ = {
			isa = PBXGroup;
			children = (
				E0EEF3C92BA7A14800F2CE49 /* ForgotPasswordSheet.swift */,
				E03E93FD2B782D4300FF01D0 /* LoginView.swift */,
				E03E93FF2B78457A00FF01D0 /* SignupView.swift */,
				E03E93F62B78105900FF01D0 /* WelcomeView.swift */,
				E03E94012B7856EA00FF01D0 /* Components */,
			);
			path = View;
			sourceTree = "<group>";
		};
		E03E93F52B78104400FF01D0 /* ViewModel */ = {
			isa = PBXGroup;
			children = (
				E03E94292B81812C00FF01D0 /* LoginViewModel.swift */,
				E03E942B2B81813F00FF01D0 /* SignupViewModel.swift */,
			);
			path = ViewModel;
			sourceTree = "<group>";
		};
		E03E93F82B78219300FF01D0 /* Utils */ = {
			isa = PBXGroup;
			children = (
				E03E93F92B78220400FF01D0 /* HyTrackerGradient.swift */,
			);
			path = Utils;
			sourceTree = "<group>";
		};
		E03E94012B7856EA00FF01D0 /* Components */ = {
			isa = PBXGroup;
			children = (
				E03E94022B7856FE00FF01D0 /* AuthenticationTFComponent.swift */,
				E03E94252B8177CB00FF01D0 /* WelcomeDismissModifier.swift */,
			);
			path = Components;
			sourceTree = "<group>";
		};
		E03E94062B79173F00FF01D0 /* View */ = {
			isa = PBXGroup;
			children = (
				E03E94042B79032100FF01D0 /* OnboardingView.swift */,
				E03E940B2B7923EA00FF01D0 /* Components */,
				E03E94152B79786A00FF01D0 /* Sheets */,
			);
			path = View;
			sourceTree = "<group>";
		};
		E03E94072B79174300FF01D0 /* Model */ = {
			isa = PBXGroup;
			children = (
				E03E94112B792E7800FF01D0 /* InputComponent.swift */,
				E03E94092B79176B00FF01D0 /* Weekday.swift */,
			);
			path = Model;
			sourceTree = "<group>";
		};
		E03E94082B79174700FF01D0 /* ViewModel */ = {
			isa = PBXGroup;
			children = (
				E03E941C2B814FB000FF01D0 /* OnboardingViewModel.swift */,
			);
			path = ViewModel;
			sourceTree = "<group>";
		};
		E03E940B2B7923EA00FF01D0 /* Components */ = {
			isa = PBXGroup;
			children = (
				E03E940C2B79240200FF01D0 /* InputComponentView.swift */,
				E03E941A2B797CED00FF01D0 /* SheetDoneLabel.swift */,
			);
			path = Components;
			sourceTree = "<group>";
		};
		E03E940E2B7925CF00FF01D0 /* Extensions */ = {
			isa = PBXGroup;
			children = (
				E03E940F2B7925F500FF01D0 /* Date+HyTracker.swift */,
				E0C21CB22B87C411007E542E /* User+MockData.swift */,
				E0C21CB62B87DE19007E542E /* Color+HyTracker.swift */,
				E0C21CB82B8910BB007E542E /* Set+HyTracker.swift */,
			);
			path = Extensions;
			sourceTree = "<group>";
		};
		E03E94152B79786A00FF01D0 /* Sheets */ = {
			isa = PBXGroup;
			children = (
				E03E94162B797A0200FF01D0 /* EligibleWorkdaySheet.swift */,
				E03E94132B79564A00FF01D0 /* StartDateSelectorSheet.swift */,
				E03E94182B797A4500FF01D0 /* WeeklyRequirementsSheet.swift */,
			);
			path = Sheets;
			sourceTree = "<group>";
		};
		E03E941E2B81743600FF01D0 /* Components */ = {
			isa = PBXGroup;
			children = (
				E03E941F2B81744F00FF01D0 /* HTLogoView.swift */,
				E03E94272B81791E00FF01D0 /* HTPrimaryButton.swift */,
			);
			path = Components;
			sourceTree = "<group>";
		};
		E03E946A2B8263A300FF01D0 /* View */ = {
			isa = PBXGroup;
			children = (
				E03E93E02B7808C700FF01D0 /* ContentView.swift */,
			);
			path = View;
			sourceTree = "<group>";
		};
		E03E946B2B8263A600FF01D0 /* ViewModel */ = {
			isa = PBXGroup;
			children = (
				E03E946D2B82642A00FF01D0 /* ContentViewModel.swift */,
			);
			path = ViewModel;
			sourceTree = "<group>";
		};
		E062F24E2B9CE8CE00885AF3 /* ViewModel */ = {
			isa = PBXGroup;
			children = (
				E062F2522B9CEA4F00885AF3 /* GenerateReportViewModel.swift */,
			);
			path = ViewModel;
			sourceTree = "<group>";
		};
		E062F24F2B9CE8D400885AF3 /* View */ = {
			isa = PBXGroup;
			children = (
				E0C21CA52B87C31C007E542E /* GenerateReportView.swift */,
				E0C21CC22B8C20F1007E542E /* Sheets */,
			);
			path = View;
			sourceTree = "<group>";
		};
		E062F2542B9D0CC400885AF3 /* ViewModel */ = {
			isa = PBXGroup;
			children = (
				E062F2562B9D0CE100885AF3 /* TrackDaysViewModel.swift */,
			);
			path = ViewModel;
			sourceTree = "<group>";
		};
		E062F2552B9D0CCD00885AF3 /* View */ = {
			isa = PBXGroup;
			children = (
				E07E96442B94BAB000A6CE90 /* BulkUpdatesView.swift */,
				E0C21CA32B87C312007E542E /* TrackDaysView.swift */,
			);
			path = View;
			sourceTree = "<group>";
		};
		E0C21CA92B87C343007E542E /* TrackDays */ = {
			isa = PBXGroup;
			children = (
				E0EEF3BF2B9E890700F2CE49 /* Model */,
				E062F2552B9D0CCD00885AF3 /* View */,
				E062F2542B9D0CC400885AF3 /* ViewModel */,
			);
			path = TrackDays;
			sourceTree = "<group>";
		};
		E0C21CAA2B87C348007E542E /* GenerateReport */ = {
			isa = PBXGroup;
			children = (
				E0EEF3BC2B9E450000F2CE49 /* Model */,
				E062F24F2B9CE8D400885AF3 /* View */,
				E062F24E2B9CE8CE00885AF3 /* ViewModel */,
			);
			path = GenerateReport;
			sourceTree = "<group>";
		};
		E0C21CAB2B87C34D007E542E /* Profile */ = {
			isa = PBXGroup;
			children = (
				E0C21CA72B87C32C007E542E /* ProfileView.swift */,
				E0C21CBA2B8942E1007E542E /* Components */,
			);
			path = Profile;
			sourceTree = "<group>";
		};
		E0C21CBA2B8942E1007E542E /* Components */ = {
			isa = PBXGroup;
			children = (
				E0C21CBC2B894398007E542E /* RequirementStack.swift */,
			);
			path = Components;
			sourceTree = "<group>";
		};
		E0C21CC22B8C20F1007E542E /* Sheets */ = {
			isa = PBXGroup;
			children = (
				E0C21CC02B8C202D007E542E /* ReportView.swift */,
			);
			path = Sheets;
			sourceTree = "<group>";
		};
		E0EEF3BC2B9E450000F2CE49 /* Model */ = {
			isa = PBXGroup;
			children = (
				E0EEF3BD2B9E451000F2CE49 /* Report.swift */,
			);
			path = Model;
			sourceTree = "<group>";
		};
		E0EEF3BF2B9E890700F2CE49 /* Model */ = {
			isa = PBXGroup;
			children = (
				E0EEF3C42B9FBB7600F2CE49 /* TrackAlert.swift */,
				E0EEF3C22B9E897700F2CE49 /* TrackUpdateType.swift */,
			);
			path = Model;
			sourceTree = "<group>";
		};
/* End PBXGroup section */

/* Begin PBXNativeTarget section */
		E03E93DA2B7808C700FF01D0 /* HyTracker */ = {
			isa = PBXNativeTarget;
			buildConfigurationList = E03E93E92B7808C800FF01D0 /* Build configuration list for PBXNativeTarget "HyTracker" */;
			buildPhases = (
				E03E93D72B7808C700FF01D0 /* Sources */,
				E03E93D82B7808C700FF01D0 /* Frameworks */,
				E03E93D92B7808C700FF01D0 /* Resources */,
			);
			buildRules = (
			);
			dependencies = (
			);
			name = HyTracker;
			packageProductDependencies = (
				E062F25B2B9D333700885AF3 /* FirebaseAnalytics */,
				E062F25D2B9D333700885AF3 /* FirebaseAnalyticsOnDeviceConversion */,
				E062F25F2B9D333700885AF3 /* FirebaseAnalyticsSwift */,
				E062F2612B9D333700885AF3 /* FirebaseAnalyticsWithoutAdIdSupport */,
				E062F2632B9D333700885AF3 /* FirebaseAppCheck */,
				E0DAE57D2B9D37C100424E3E /* FirebaseAnalytics */,
				E0DAE57F2B9D37C100424E3E /* FirebaseAnalyticsOnDeviceConversion */,
				E0DAE5812B9D37C100424E3E /* FirebaseAnalyticsSwift */,
				E0DAE5832B9D37C100424E3E /* FirebaseAnalyticsWithoutAdIdSupport */,
				E0DAE5852B9D37C100424E3E /* FirebaseAppCheck */,
				E0DAE5872B9D37C100424E3E /* FirebaseAppDistribution-Beta */,
				E0DAE5892B9D37C100424E3E /* FirebaseAuth */,
				E0DAE58B2B9D37C100424E3E /* FirebaseAuthCombine-Community */,
				E0DAE58D2B9D37C100424E3E /* FirebaseCrashlytics */,
				E0DAE58F2B9D37C100424E3E /* FirebaseDatabase */,
				E0DAE5912B9D37C100424E3E /* FirebaseDatabaseSwift */,
				E0DAE5932B9D37C100424E3E /* FirebaseDynamicLinks */,
				E0DAE5952B9D37C100424E3E /* FirebaseFirestore */,
				E0DAE5972B9D37C100424E3E /* FirebaseFirestoreCombine-Community */,
				E0DAE5992B9D37C100424E3E /* FirebaseFirestoreSwift */,
				E0DAE59B2B9D37C100424E3E /* FirebaseFunctions */,
				E0DAE59D2B9D37C100424E3E /* FirebaseFunctionsCombine-Community */,
				E0DAE59F2B9D37C100424E3E /* FirebaseInAppMessaging-Beta */,
				E0DAE5A12B9D37C100424E3E /* FirebaseInAppMessagingSwift-Beta */,
				E0DAE5A32B9D37C100424E3E /* FirebaseInstallations */,
				E0DAE5A52B9D37C100424E3E /* FirebaseMLModelDownloader */,
				E0DAE5A72B9D37C100424E3E /* FirebaseMessaging */,
				E0DAE5A92B9D37C100424E3E /* FirebasePerformance */,
				E0DAE5AB2B9D37C100424E3E /* FirebaseRemoteConfig */,
				E0DAE5AD2B9D37C100424E3E /* FirebaseRemoteConfigSwift */,
				E0DAE5AF2B9D37C100424E3E /* FirebaseStorage */,
				E0DAE5B12B9D37C100424E3E /* FirebaseStorageCombine-Community */,
			);
			productName = HyTracker;
			productReference = E03E93DB2B7808C700FF01D0 /* HyTracker.app */;
			productType = "com.apple.product-type.application";
		};
/* End PBXNativeTarget section */

/* Begin PBXProject section */
		E03E93D32B7808C700FF01D0 /* Project object */ = {
			isa = PBXProject;
			attributes = {
				BuildIndependentTargetsInParallel = 1;
				LastSwiftUpdateCheck = 1500;
				LastUpgradeCheck = 1500;
				TargetAttributes = {
					E03E93DA2B7808C700FF01D0 = {
						CreatedOnToolsVersion = 15.0.1;
					};
				};
			};
			buildConfigurationList = E03E93D62B7808C700FF01D0 /* Build configuration list for PBXProject "HyTracker" */;
			compatibilityVersion = "Xcode 14.0";
			developmentRegion = en;
			hasScannedForEncodings = 0;
			knownRegions = (
				en,
				Base,
			);
			mainGroup = E03E93D22B7808C700FF01D0;
			packageReferences = (
				E062F25A2B9D333700885AF3 /* XCRemoteSwiftPackageReference "firebase-ios-sdk" */,
			);
			productRefGroup = E03E93DC2B7808C700FF01D0 /* Products */;
			projectDirPath = "";
			projectRoot = "";
			targets = (
				E03E93DA2B7808C700FF01D0 /* HyTracker */,
			);
		};
/* End PBXProject section */

/* Begin PBXResourcesBuildPhase section */
		E03E93D92B7808C700FF01D0 /* Resources */ = {
			isa = PBXResourcesBuildPhase;
			buildActionMask = 2147483647;
			files = (
				E03E93E62B7808C800FF01D0 /* Preview Assets.xcassets in Resources */,
				E062F2592B9D32DC00885AF3 /* GoogleService-Info.plist in Resources */,
				E03E93E32B7808C800FF01D0 /* Assets.xcassets in Resources */,
			);
			runOnlyForDeploymentPostprocessing = 0;
		};
/* End PBXResourcesBuildPhase section */

/* Begin PBXSourcesBuildPhase section */
		E03E93D72B7808C700FF01D0 /* Sources */ = {
			isa = PBXSourcesBuildPhase;
			buildActionMask = 2147483647;
			files = (
				E03E94702B826A4500FF01D0 /* User.swift in Sources */,
				E03E94102B7925F500FF01D0 /* Date+HyTracker.swift in Sources */,
				E03E94722B86400900FF01D0 /* UserService.swift in Sources */,
				E03E94192B797A4500FF01D0 /* WeeklyRequirementsSheet.swift in Sources */,
				E03E942A2B81812C00FF01D0 /* LoginViewModel.swift in Sources */,
				E03E94262B8177CB00FF01D0 /* WelcomeDismissModifier.swift in Sources */,
				E03E94032B7856FE00FF01D0 /* AuthenticationTFComponent.swift in Sources */,
				E03E941D2B814FB000FF01D0 /* OnboardingViewModel.swift in Sources */,
				E0EEF3C52B9FBB7600F2CE49 /* TrackAlert.swift in Sources */,
				E03E940D2B79240200FF01D0 /* InputComponentView.swift in Sources */,
				E03E94002B78457A00FF01D0 /* SignupView.swift in Sources */,
				E0C21CA12B87C2C6007E542E /* MainTabView.swift in Sources */,
				E0EEF3BE2B9E451000F2CE49 /* Report.swift in Sources */,
				E03E946E2B82642A00FF01D0 /* ContentViewModel.swift in Sources */,
				E03E942C2B81813F00FF01D0 /* SignupViewModel.swift in Sources */,
				E03E94172B797A0200FF01D0 /* EligibleWorkdaySheet.swift in Sources */,
				E0C21CC12B8C202D007E542E /* ReportView.swift in Sources */,
				E03E940A2B79176B00FF01D0 /* Weekday.swift in Sources */,
				E03E93E12B7808C700FF01D0 /* ContentView.swift in Sources */,
				E03E94122B792E7800FF01D0 /* InputComponent.swift in Sources */,
				E0C21CA82B87C32C007E542E /* ProfileView.swift in Sources */,
				E07E96452B94BAB000A6CE90 /* BulkUpdatesView.swift in Sources */,
				E0C21CB72B87DE19007E542E /* Color+HyTracker.swift in Sources */,
				E0C21CA42B87C312007E542E /* TrackDaysView.swift in Sources */,
				E03E94142B79564A00FF01D0 /* StartDateSelectorSheet.swift in Sources */,
				E03E94692B82589000FF01D0 /* AuthService.swift in Sources */,
				E0C21CBD2B894398007E542E /* RequirementStack.swift in Sources */,
				E03E93FA2B78220400FF01D0 /* HyTrackerGradient.swift in Sources */,
				E0EEF3C72BA77AE900F2CE49 /* AuthServiceError.swift in Sources */,
				E03E941B2B797CED00FF01D0 /* SheetDoneLabel.swift in Sources */,
				E03E93F72B78105900FF01D0 /* WelcomeView.swift in Sources */,
				E03E94052B79032100FF01D0 /* OnboardingView.swift in Sources */,
				E062F2572B9D0CE100885AF3 /* TrackDaysViewModel.swift in Sources */,
				E0EEF3CA2BA7A14800F2CE49 /* ForgotPasswordSheet.swift in Sources */,
				E03E93FE2B782D4300FF01D0 /* LoginView.swift in Sources */,
				E03E94282B81791E00FF01D0 /* HTPrimaryButton.swift in Sources */,
				E0C21CB32B87C411007E542E /* User+MockData.swift in Sources */,
				E0C21CA62B87C31C007E542E /* GenerateReportView.swift in Sources */,
				E0DCB40E2B97DA6900E0DC5D /* SimpleDate.swift in Sources */,
				E062F2532B9CEA4F00885AF3 /* GenerateReportViewModel.swift in Sources */,
				E0EEF3C32B9E897700F2CE49 /* TrackUpdateType.swift in Sources */,
				E03E93DF2B7808C700FF01D0 /* HyTrackerApp.swift in Sources */,
				E03E94202B81744F00FF01D0 /* HTLogoView.swift in Sources */,
				E0C21CB92B8910BB007E542E /* Set+HyTracker.swift in Sources */,
			);
			runOnlyForDeploymentPostprocessing = 0;
		};
/* End PBXSourcesBuildPhase section */

/* Begin XCBuildConfiguration section */
		E03E93E72B7808C800FF01D0 /* Debug */ = {
			isa = XCBuildConfiguration;
			buildSettings = {
				ALWAYS_SEARCH_USER_PATHS = NO;
				ASSETCATALOG_COMPILER_GENERATE_SWIFT_ASSET_SYMBOL_EXTENSIONS = YES;
				CLANG_ANALYZER_NONNULL = YES;
				CLANG_ANALYZER_NUMBER_OBJECT_CONVERSION = YES_AGGRESSIVE;
				CLANG_CXX_LANGUAGE_STANDARD = "gnu++20";
				CLANG_ENABLE_MODULES = YES;
				CLANG_ENABLE_OBJC_ARC = YES;
				CLANG_ENABLE_OBJC_WEAK = YES;
				CLANG_WARN_BLOCK_CAPTURE_AUTORELEASING = YES;
				CLANG_WARN_BOOL_CONVERSION = YES;
				CLANG_WARN_COMMA = YES;
				CLANG_WARN_CONSTANT_CONVERSION = YES;
				CLANG_WARN_DEPRECATED_OBJC_IMPLEMENTATIONS = YES;
				CLANG_WARN_DIRECT_OBJC_ISA_USAGE = YES_ERROR;
				CLANG_WARN_DOCUMENTATION_COMMENTS = YES;
				CLANG_WARN_EMPTY_BODY = YES;
				CLANG_WARN_ENUM_CONVERSION = YES;
				CLANG_WARN_INFINITE_RECURSION = YES;
				CLANG_WARN_INT_CONVERSION = YES;
				CLANG_WARN_NON_LITERAL_NULL_CONVERSION = YES;
				CLANG_WARN_OBJC_IMPLICIT_RETAIN_SELF = YES;
				CLANG_WARN_OBJC_LITERAL_CONVERSION = YES;
				CLANG_WARN_OBJC_ROOT_CLASS = YES_ERROR;
				CLANG_WARN_QUOTED_INCLUDE_IN_FRAMEWORK_HEADER = YES;
				CLANG_WARN_RANGE_LOOP_ANALYSIS = YES;
				CLANG_WARN_STRICT_PROTOTYPES = YES;
				CLANG_WARN_SUSPICIOUS_MOVE = YES;
				CLANG_WARN_UNGUARDED_AVAILABILITY = YES_AGGRESSIVE;
				CLANG_WARN_UNREACHABLE_CODE = YES;
				CLANG_WARN__DUPLICATE_METHOD_MATCH = YES;
				COPY_PHASE_STRIP = NO;
				DEBUG_INFORMATION_FORMAT = dwarf;
				ENABLE_STRICT_OBJC_MSGSEND = YES;
				ENABLE_TESTABILITY = YES;
				ENABLE_USER_SCRIPT_SANDBOXING = YES;
				GCC_C_LANGUAGE_STANDARD = gnu17;
				GCC_DYNAMIC_NO_PIC = NO;
				GCC_NO_COMMON_BLOCKS = YES;
				GCC_OPTIMIZATION_LEVEL = 0;
				GCC_PREPROCESSOR_DEFINITIONS = (
					"DEBUG=1",
					"$(inherited)",
				);
				GCC_WARN_64_TO_32_BIT_CONVERSION = YES;
				GCC_WARN_ABOUT_RETURN_TYPE = YES_ERROR;
				GCC_WARN_UNDECLARED_SELECTOR = YES;
				GCC_WARN_UNINITIALIZED_AUTOS = YES_AGGRESSIVE;
				GCC_WARN_UNUSED_FUNCTION = YES;
				GCC_WARN_UNUSED_VARIABLE = YES;
				IPHONEOS_DEPLOYMENT_TARGET = 17.0;
				LOCALIZATION_PREFERS_STRING_CATALOGS = YES;
				MTL_ENABLE_DEBUG_INFO = INCLUDE_SOURCE;
				MTL_FAST_MATH = YES;
				ONLY_ACTIVE_ARCH = YES;
				SDKROOT = iphoneos;
				SWIFT_ACTIVE_COMPILATION_CONDITIONS = "DEBUG $(inherited)";
				SWIFT_OPTIMIZATION_LEVEL = "-Onone";
			};
			name = Debug;
		};
		E03E93E82B7808C800FF01D0 /* Release */ = {
			isa = XCBuildConfiguration;
			buildSettings = {
				ALWAYS_SEARCH_USER_PATHS = NO;
				ASSETCATALOG_COMPILER_GENERATE_SWIFT_ASSET_SYMBOL_EXTENSIONS = YES;
				CLANG_ANALYZER_NONNULL = YES;
				CLANG_ANALYZER_NUMBER_OBJECT_CONVERSION = YES_AGGRESSIVE;
				CLANG_CXX_LANGUAGE_STANDARD = "gnu++20";
				CLANG_ENABLE_MODULES = YES;
				CLANG_ENABLE_OBJC_ARC = YES;
				CLANG_ENABLE_OBJC_WEAK = YES;
				CLANG_WARN_BLOCK_CAPTURE_AUTORELEASING = YES;
				CLANG_WARN_BOOL_CONVERSION = YES;
				CLANG_WARN_COMMA = YES;
				CLANG_WARN_CONSTANT_CONVERSION = YES;
				CLANG_WARN_DEPRECATED_OBJC_IMPLEMENTATIONS = YES;
				CLANG_WARN_DIRECT_OBJC_ISA_USAGE = YES_ERROR;
				CLANG_WARN_DOCUMENTATION_COMMENTS = YES;
				CLANG_WARN_EMPTY_BODY = YES;
				CLANG_WARN_ENUM_CONVERSION = YES;
				CLANG_WARN_INFINITE_RECURSION = YES;
				CLANG_WARN_INT_CONVERSION = YES;
				CLANG_WARN_NON_LITERAL_NULL_CONVERSION = YES;
				CLANG_WARN_OBJC_IMPLICIT_RETAIN_SELF = YES;
				CLANG_WARN_OBJC_LITERAL_CONVERSION = YES;
				CLANG_WARN_OBJC_ROOT_CLASS = YES_ERROR;
				CLANG_WARN_QUOTED_INCLUDE_IN_FRAMEWORK_HEADER = YES;
				CLANG_WARN_RANGE_LOOP_ANALYSIS = YES;
				CLANG_WARN_STRICT_PROTOTYPES = YES;
				CLANG_WARN_SUSPICIOUS_MOVE = YES;
				CLANG_WARN_UNGUARDED_AVAILABILITY = YES_AGGRESSIVE;
				CLANG_WARN_UNREACHABLE_CODE = YES;
				CLANG_WARN__DUPLICATE_METHOD_MATCH = YES;
				COPY_PHASE_STRIP = NO;
				DEBUG_INFORMATION_FORMAT = "dwarf-with-dsym";
				ENABLE_NS_ASSERTIONS = NO;
				ENABLE_STRICT_OBJC_MSGSEND = YES;
				ENABLE_USER_SCRIPT_SANDBOXING = YES;
				GCC_C_LANGUAGE_STANDARD = gnu17;
				GCC_NO_COMMON_BLOCKS = YES;
				GCC_WARN_64_TO_32_BIT_CONVERSION = YES;
				GCC_WARN_ABOUT_RETURN_TYPE = YES_ERROR;
				GCC_WARN_UNDECLARED_SELECTOR = YES;
				GCC_WARN_UNINITIALIZED_AUTOS = YES_AGGRESSIVE;
				GCC_WARN_UNUSED_FUNCTION = YES;
				GCC_WARN_UNUSED_VARIABLE = YES;
				IPHONEOS_DEPLOYMENT_TARGET = 17.0;
				LOCALIZATION_PREFERS_STRING_CATALOGS = YES;
				MTL_ENABLE_DEBUG_INFO = NO;
				MTL_FAST_MATH = YES;
				SDKROOT = iphoneos;
				SWIFT_COMPILATION_MODE = wholemodule;
				VALIDATE_PRODUCT = YES;
			};
			name = Release;
		};
		E03E93EA2B7808C800FF01D0 /* Debug */ = {
			isa = XCBuildConfiguration;
			buildSettings = {
				ASSETCATALOG_COMPILER_APPICON_NAME = AppIcon;
				ASSETCATALOG_COMPILER_GLOBAL_ACCENT_COLOR_NAME = AccentColor;
				CODE_SIGN_STYLE = Automatic;
				CURRENT_PROJECT_VERSION = 1;
				DEVELOPMENT_ASSET_PATHS = "\"HyTracker/Preview Content\"";
				DEVELOPMENT_TEAM = 4Y6FH4D2V4;
				ENABLE_PREVIEWS = YES;
				GENERATE_INFOPLIST_FILE = YES;
				INFOPLIST_KEY_UIApplicationSceneManifest_Generation = YES;
				INFOPLIST_KEY_UIApplicationSupportsIndirectInputEvents = YES;
				INFOPLIST_KEY_UILaunchScreen_Generation = YES;
				INFOPLIST_KEY_UISupportedInterfaceOrientations = UIInterfaceOrientationPortrait;
				INFOPLIST_KEY_UIUserInterfaceStyle = Light;
				IPHONEOS_DEPLOYMENT_TARGET = 16.1;
				LD_RUNPATH_SEARCH_PATHS = (
					"$(inherited)",
					"@executable_path/Frameworks",
				);
				MARKETING_VERSION = 1.0;
				PRODUCT_BUNDLE_IDENTIFIER = com.sweeney.HyTracker;
				PRODUCT_NAME = "$(TARGET_NAME)";
				SWIFT_EMIT_LOC_STRINGS = YES;
				SWIFT_VERSION = 5.0;
				TARGETED_DEVICE_FAMILY = "1,2";
			};
			name = Debug;
		};
		E03E93EB2B7808C800FF01D0 /* Release */ = {
			isa = XCBuildConfiguration;
			buildSettings = {
				ASSETCATALOG_COMPILER_APPICON_NAME = AppIcon;
				ASSETCATALOG_COMPILER_GLOBAL_ACCENT_COLOR_NAME = AccentColor;
				CODE_SIGN_STYLE = Automatic;
				CURRENT_PROJECT_VERSION = 1;
				DEVELOPMENT_ASSET_PATHS = "\"HyTracker/Preview Content\"";
				DEVELOPMENT_TEAM = 4Y6FH4D2V4;
				ENABLE_PREVIEWS = YES;
				GENERATE_INFOPLIST_FILE = YES;
				INFOPLIST_KEY_UIApplicationSceneManifest_Generation = YES;
				INFOPLIST_KEY_UIApplicationSupportsIndirectInputEvents = YES;
				INFOPLIST_KEY_UILaunchScreen_Generation = YES;
				INFOPLIST_KEY_UISupportedInterfaceOrientations = UIInterfaceOrientationPortrait;
				INFOPLIST_KEY_UIUserInterfaceStyle = Light;
				IPHONEOS_DEPLOYMENT_TARGET = 16.1;
				LD_RUNPATH_SEARCH_PATHS = (
					"$(inherited)",
					"@executable_path/Frameworks",
				);
				MARKETING_VERSION = 1.0;
				PRODUCT_BUNDLE_IDENTIFIER = com.sweeney.HyTracker;
				PRODUCT_NAME = "$(TARGET_NAME)";
				SWIFT_EMIT_LOC_STRINGS = YES;
				SWIFT_VERSION = 5.0;
				TARGETED_DEVICE_FAMILY = "1,2";
			};
			name = Release;
		};
/* End XCBuildConfiguration section */

/* Begin XCConfigurationList section */
		E03E93D62B7808C700FF01D0 /* Build configuration list for PBXProject "HyTracker" */ = {
			isa = XCConfigurationList;
			buildConfigurations = (
				E03E93E72B7808C800FF01D0 /* Debug */,
				E03E93E82B7808C800FF01D0 /* Release */,
			);
			defaultConfigurationIsVisible = 0;
			defaultConfigurationName = Release;
		};
		E03E93E92B7808C800FF01D0 /* Build configuration list for PBXNativeTarget "HyTracker" */ = {
			isa = XCConfigurationList;
			buildConfigurations = (
				E03E93EA2B7808C800FF01D0 /* Debug */,
				E03E93EB2B7808C800FF01D0 /* Release */,
			);
			defaultConfigurationIsVisible = 0;
			defaultConfigurationName = Release;
		};
/* End XCConfigurationList section */

/* Begin XCRemoteSwiftPackageReference section */
		E062F25A2B9D333700885AF3 /* XCRemoteSwiftPackageReference "firebase-ios-sdk" */ = {
			isa = XCRemoteSwiftPackageReference;
			repositoryURL = "https://github.com/firebase/firebase-ios-sdk";
			requirement = {
				kind = upToNextMajorVersion;
				minimumVersion = 10.22.1;
			};
		};
/* End XCRemoteSwiftPackageReference section */

/* Begin XCSwiftPackageProductDependency section */
		E062F25B2B9D333700885AF3 /* FirebaseAnalytics */ = {
			isa = XCSwiftPackageProductDependency;
			package = E062F25A2B9D333700885AF3 /* XCRemoteSwiftPackageReference "firebase-ios-sdk" */;
			productName = FirebaseAnalytics;
		};
		E062F25D2B9D333700885AF3 /* FirebaseAnalyticsOnDeviceConversion */ = {
			isa = XCSwiftPackageProductDependency;
			package = E062F25A2B9D333700885AF3 /* XCRemoteSwiftPackageReference "firebase-ios-sdk" */;
			productName = FirebaseAnalyticsOnDeviceConversion;
		};
		E062F25F2B9D333700885AF3 /* FirebaseAnalyticsSwift */ = {
			isa = XCSwiftPackageProductDependency;
			package = E062F25A2B9D333700885AF3 /* XCRemoteSwiftPackageReference "firebase-ios-sdk" */;
			productName = FirebaseAnalyticsSwift;
		};
		E062F2612B9D333700885AF3 /* FirebaseAnalyticsWithoutAdIdSupport */ = {
			isa = XCSwiftPackageProductDependency;
			package = E062F25A2B9D333700885AF3 /* XCRemoteSwiftPackageReference "firebase-ios-sdk" */;
			productName = FirebaseAnalyticsWithoutAdIdSupport;
		};
		E062F2632B9D333700885AF3 /* FirebaseAppCheck */ = {
			isa = XCSwiftPackageProductDependency;
			package = E062F25A2B9D333700885AF3 /* XCRemoteSwiftPackageReference "firebase-ios-sdk" */;
			productName = FirebaseAppCheck;
		};
		E0DAE57D2B9D37C100424E3E /* FirebaseAnalytics */ = {
			isa = XCSwiftPackageProductDependency;
			package = E062F25A2B9D333700885AF3 /* XCRemoteSwiftPackageReference "firebase-ios-sdk" */;
			productName = FirebaseAnalytics;
		};
		E0DAE57F2B9D37C100424E3E /* FirebaseAnalyticsOnDeviceConversion */ = {
			isa = XCSwiftPackageProductDependency;
			package = E062F25A2B9D333700885AF3 /* XCRemoteSwiftPackageReference "firebase-ios-sdk" */;
			productName = FirebaseAnalyticsOnDeviceConversion;
		};
		E0DAE5812B9D37C100424E3E /* FirebaseAnalyticsSwift */ = {
			isa = XCSwiftPackageProductDependency;
			package = E062F25A2B9D333700885AF3 /* XCRemoteSwiftPackageReference "firebase-ios-sdk" */;
			productName = FirebaseAnalyticsSwift;
		};
		E0DAE5832B9D37C100424E3E /* FirebaseAnalyticsWithoutAdIdSupport */ = {
			isa = XCSwiftPackageProductDependency;
			package = E062F25A2B9D333700885AF3 /* XCRemoteSwiftPackageReference "firebase-ios-sdk" */;
			productName = FirebaseAnalyticsWithoutAdIdSupport;
		};
		E0DAE5852B9D37C100424E3E /* FirebaseAppCheck */ = {
			isa = XCSwiftPackageProductDependency;
			package = E062F25A2B9D333700885AF3 /* XCRemoteSwiftPackageReference "firebase-ios-sdk" */;
			productName = FirebaseAppCheck;
		};
		E0DAE5872B9D37C100424E3E /* FirebaseAppDistribution-Beta */ = {
			isa = XCSwiftPackageProductDependency;
			package = E062F25A2B9D333700885AF3 /* XCRemoteSwiftPackageReference "firebase-ios-sdk" */;
			productName = "FirebaseAppDistribution-Beta";
		};
		E0DAE5892B9D37C100424E3E /* FirebaseAuth */ = {
			isa = XCSwiftPackageProductDependency;
			package = E062F25A2B9D333700885AF3 /* XCRemoteSwiftPackageReference "firebase-ios-sdk" */;
			productName = FirebaseAuth;
		};
		E0DAE58B2B9D37C100424E3E /* FirebaseAuthCombine-Community */ = {
			isa = XCSwiftPackageProductDependency;
			package = E062F25A2B9D333700885AF3 /* XCRemoteSwiftPackageReference "firebase-ios-sdk" */;
			productName = "FirebaseAuthCombine-Community";
		};
		E0DAE58D2B9D37C100424E3E /* FirebaseCrashlytics */ = {
			isa = XCSwiftPackageProductDependency;
			package = E062F25A2B9D333700885AF3 /* XCRemoteSwiftPackageReference "firebase-ios-sdk" */;
			productName = FirebaseCrashlytics;
		};
		E0DAE58F2B9D37C100424E3E /* FirebaseDatabase */ = {
			isa = XCSwiftPackageProductDependency;
			package = E062F25A2B9D333700885AF3 /* XCRemoteSwiftPackageReference "firebase-ios-sdk" */;
			productName = FirebaseDatabase;
		};
		E0DAE5912B9D37C100424E3E /* FirebaseDatabaseSwift */ = {
			isa = XCSwiftPackageProductDependency;
			package = E062F25A2B9D333700885AF3 /* XCRemoteSwiftPackageReference "firebase-ios-sdk" */;
			productName = FirebaseDatabaseSwift;
		};
		E0DAE5932B9D37C100424E3E /* FirebaseDynamicLinks */ = {
			isa = XCSwiftPackageProductDependency;
			package = E062F25A2B9D333700885AF3 /* XCRemoteSwiftPackageReference "firebase-ios-sdk" */;
			productName = FirebaseDynamicLinks;
		};
		E0DAE5952B9D37C100424E3E /* FirebaseFirestore */ = {
			isa = XCSwiftPackageProductDependency;
			package = E062F25A2B9D333700885AF3 /* XCRemoteSwiftPackageReference "firebase-ios-sdk" */;
			productName = FirebaseFirestore;
		};
		E0DAE5972B9D37C100424E3E /* FirebaseFirestoreCombine-Community */ = {
			isa = XCSwiftPackageProductDependency;
			package = E062F25A2B9D333700885AF3 /* XCRemoteSwiftPackageReference "firebase-ios-sdk" */;
			productName = "FirebaseFirestoreCombine-Community";
		};
		E0DAE5992B9D37C100424E3E /* FirebaseFirestoreSwift */ = {
			isa = XCSwiftPackageProductDependency;
			package = E062F25A2B9D333700885AF3 /* XCRemoteSwiftPackageReference "firebase-ios-sdk" */;
			productName = FirebaseFirestoreSwift;
		};
		E0DAE59B2B9D37C100424E3E /* FirebaseFunctions */ = {
			isa = XCSwiftPackageProductDependency;
			package = E062F25A2B9D333700885AF3 /* XCRemoteSwiftPackageReference "firebase-ios-sdk" */;
			productName = FirebaseFunctions;
		};
		E0DAE59D2B9D37C100424E3E /* FirebaseFunctionsCombine-Community */ = {
			isa = XCSwiftPackageProductDependency;
			package = E062F25A2B9D333700885AF3 /* XCRemoteSwiftPackageReference "firebase-ios-sdk" */;
			productName = "FirebaseFunctionsCombine-Community";
		};
		E0DAE59F2B9D37C100424E3E /* FirebaseInAppMessaging-Beta */ = {
			isa = XCSwiftPackageProductDependency;
			package = E062F25A2B9D333700885AF3 /* XCRemoteSwiftPackageReference "firebase-ios-sdk" */;
			productName = "FirebaseInAppMessaging-Beta";
		};
		E0DAE5A12B9D37C100424E3E /* FirebaseInAppMessagingSwift-Beta */ = {
			isa = XCSwiftPackageProductDependency;
			package = E062F25A2B9D333700885AF3 /* XCRemoteSwiftPackageReference "firebase-ios-sdk" */;
			productName = "FirebaseInAppMessagingSwift-Beta";
		};
		E0DAE5A32B9D37C100424E3E /* FirebaseInstallations */ = {
			isa = XCSwiftPackageProductDependency;
			package = E062F25A2B9D333700885AF3 /* XCRemoteSwiftPackageReference "firebase-ios-sdk" */;
			productName = FirebaseInstallations;
		};
		E0DAE5A52B9D37C100424E3E /* FirebaseMLModelDownloader */ = {
			isa = XCSwiftPackageProductDependency;
			package = E062F25A2B9D333700885AF3 /* XCRemoteSwiftPackageReference "firebase-ios-sdk" */;
			productName = FirebaseMLModelDownloader;
		};
		E0DAE5A72B9D37C100424E3E /* FirebaseMessaging */ = {
			isa = XCSwiftPackageProductDependency;
			package = E062F25A2B9D333700885AF3 /* XCRemoteSwiftPackageReference "firebase-ios-sdk" */;
			productName = FirebaseMessaging;
		};
		E0DAE5A92B9D37C100424E3E /* FirebasePerformance */ = {
			isa = XCSwiftPackageProductDependency;
			package = E062F25A2B9D333700885AF3 /* XCRemoteSwiftPackageReference "firebase-ios-sdk" */;
			productName = FirebasePerformance;
		};
		E0DAE5AB2B9D37C100424E3E /* FirebaseRemoteConfig */ = {
			isa = XCSwiftPackageProductDependency;
			package = E062F25A2B9D333700885AF3 /* XCRemoteSwiftPackageReference "firebase-ios-sdk" */;
			productName = FirebaseRemoteConfig;
		};
		E0DAE5AD2B9D37C100424E3E /* FirebaseRemoteConfigSwift */ = {
			isa = XCSwiftPackageProductDependency;
			package = E062F25A2B9D333700885AF3 /* XCRemoteSwiftPackageReference "firebase-ios-sdk" */;
			productName = FirebaseRemoteConfigSwift;
		};
		E0DAE5AF2B9D37C100424E3E /* FirebaseStorage */ = {
			isa = XCSwiftPackageProductDependency;
			package = E062F25A2B9D333700885AF3 /* XCRemoteSwiftPackageReference "firebase-ios-sdk" */;
			productName = FirebaseStorage;
		};
		E0DAE5B12B9D37C100424E3E /* FirebaseStorageCombine-Community */ = {
			isa = XCSwiftPackageProductDependency;
			package = E062F25A2B9D333700885AF3 /* XCRemoteSwiftPackageReference "firebase-ios-sdk" */;
			productName = "FirebaseStorageCombine-Community";
		};
/* End XCSwiftPackageProductDependency section */
	};
	rootObject = E03E93D32B7808C700FF01D0 /* Project object */;
}
